
Microsoft Visual Studio Solution File, Format Version 12.00
# Visual Studio Version 16
VisualStudioVersion = 16.0.30621.155
MinimumVisualStudioVersion = 10.0.40219.1
Project("{9A19103F-16F7-4668-BE54-9A1E7A4F7556}") = "ToDoList.Core", "ToDoList\ToDoList.Core.csproj", "{5245AEC4-CDDE-4352-A82A-1CAF75C86AAE}"
EndProject
Project("{FAE04EC0-301F-11D3-BF4B-00C04F79EFBC}") = "ToDoList.Data", "ToDoList.Data\ToDoList.Data.csproj", "{99396B44-7961-4E5F-9C3C-E6E0CFCAB39F}"
EndProject
Global
	GlobalSection(SolutionConfigurationPlatforms) = preSolution
		Debug|Any CPU = Debug|Any CPU
		Release|Any CPU = Release|Any CPU
	EndGlobalSection
	GlobalSection(ProjectConfigurationPlatforms) = postSolution
		{5245AEC4-CDDE-4352-A82A-1CAF75C86AAE}.Debug|Any CPU.ActiveCfg = Debug|Any CPU
		{5245AEC4-CDDE-4352-A82A-1CAF75C86AAE}.Debug|Any CPU.Build.0 = Debug|Any CPU
		{5245AEC4-CDDE-4352-A82A-1CAF75C86AAE}.Release|Any CPU.ActiveCfg = Release|Any CPU
		{5245AEC4-CDDE-4352-A82A-1CAF75C86AAE}.Release|Any CPU.Build.0 = Release|Any CPU
		{99396B44-7961-4E5F-9C3C-E6E0CFCAB39F}.Debug|Any CPU.ActiveCfg = Debug|Any CPU
		{99396B44-7961-4E5F-9C3C-E6E0CFCAB39F}.Debug|Any CPU.Build.0 = Debug|Any CPU
		{99396B44-7961-4E5F-9C3C-E6E0CFCAB39F}.Release|Any CPU.ActiveCfg = Release|Any CPU
		{99396B44-7961-4E5F-9C3C-E6E0CFCAB39F}.Release|Any CPU.Build.0 = Release|Any CPU
	EndGlobalSection
	GlobalSection(SolutionProperties) = preSolution
		HideSolutionNode = FALSE
	EndGlobalSection
	GlobalSection(ExtensibilityGlobals) = postSolution
		SolutionGuid = {6CC1C2F7-BA24-46DE-AC7D-6DD12533FE9D}
	EndGlobalSection
EndGlobal
